// !$*UTF8*$!
{
	archiveVersion = 1;
	classes = {
	};
	objectVersion = 46;
	objects = {

/* Begin PBXBuildFile section */
		F9A24CE91B56CCB600D32968 /* AppDelegate.swift in Sources */ = {isa = PBXBuildFile; fileRef = F9A24CE81B56CCB600D32968 /* AppDelegate.swift */; };
		F9A24CEB1B56CCB600D32968 /* ViewController.swift in Sources */ = {isa = PBXBuildFile; fileRef = F9A24CEA1B56CCB600D32968 /* ViewController.swift */; };
		F9A24CEE1B56CCB600D32968 /* Main.storyboard in Resources */ = {isa = PBXBuildFile; fileRef = F9A24CEC1B56CCB600D32968 /* Main.storyboard */; };
		F9A24CF01B56CCB600D32968 /* Assets.xcassets in Resources */ = {isa = PBXBuildFile; fileRef = F9A24CEF1B56CCB600D32968 /* Assets.xcassets */; };
		F9A24CF31B56CCB600D32968 /* LaunchScreen.storyboard in Resources */ = {isa = PBXBuildFile; fileRef = F9A24CF11B56CCB600D32968 /* LaunchScreen.storyboard */; };
/* End PBXBuildFile section */

/* Begin PBXFileReference section */
		F9A24CE51B56CCB600D32968 /* HowManyFingers.app */ = {isa = PBXFileReference; explicitFileType = wrapper.application; includeInIndex = 0; path = HowManyFingers.app; sourceTree = BUILT_PRODUCTS_DIR; };
		F9A24CE81B56CCB600D32968 /* AppDelegate.swift */ = {isa = PBXFileReference; lastKnownFileType = sourcecode.swift; path = AppDelegate.swift; sourceTree = "<group>"; };
		F9A24CEA1B56CCB600D32968 /* ViewController.swift */ = {isa = PBXFileReference; lastKnownFileType = sourcecode.swift; path = ViewController.swift; sourceTree = "<group>"; };
		F9A24CED1B56CCB600D32968 /* Base */ = {isa = PBXFileReference; lastKnownFileType = file.storyboard; name = Base; path = Base.lproj/Main.storyboard; sourceTree = "<group>"; };
		F9A24CEF1B56CCB600D32968 /* Assets.xcassets */ = {isa = PBXFileReference; lastKnownFileType = folder.assetcatalog; path = Assets.xcassets; sourceTree = "<group>"; };
		F9A24CF21B56CCB600D32968 /* Base */ = {isa = PBXFileReference; lastKnownFileType = file.storyboard; name = Base; path = Base.lproj/LaunchScreen.storyboard; sourceTree = "<group>"; };
		F9A24CF41B56CCB600D32968 /* Info.plist */ = {isa = PBXFileReference; lastKnownFileType = text.plist.xml; path = Info.plist; sourceTree = "<group>"; };
/* End PBXFileReference section */

/* Begin PBXFrameworksBuildPhase section */
		F9A24CE21B56CCB600D32968 /* Frameworks */ = {
			isa = PBXFrameworksBuildPhase;
			buildActionMask = 2147483647;
			files = (
			);
			runOnlyForDeploymentPostprocessing = 0;
		};
/* End PBXFrameworksBuildPhase section */

/* Begin PBXGroup section */
		F9A24CDC1B56CCB600D32968 = {
			isa = PBXGroup;
			children = (
				F9A24CE71B56CCB600D32968 /* HowManyFingers */,
				F9A24CE61B56CCB600D32968 /* Products */,
			);
			sourceTree = "<group>";
		};
		F9A24CE61B56CCB600D32968 /* Products */ = {
			isa = PBXGroup;
			children = (
				F9A24CE51B56CCB600D32968 /* HowManyFingers.app */,
			);
			name = Products;
			sourceTree = "<group>";
		};
		F9A24CE71B56CCB600D32968 /* HowManyFingers */ = {
			isa = PBXGroup;
			children = (
				F9A24CE81B56CCB600D32968 /* AppDelegate.swift */,
				F9A24CEA1B56CCB600D32968 /* ViewController.swift */,
				F9A24CEC1B56CCB600D32968 /* Main.storyboard */,
				F9A24CEF1B56CCB600D32968 /* Assets.xcassets */,
				F9A24CF11B56CCB600D32968 /* LaunchScreen.storyboard */,
				F9A24CF41B56CCB600D32968 /* Info.plist */,
			);
			path = HowManyFingers;
			sourceTree = "<group>";
		};
/* End PBXGroup section */

/* Begin PBXNativeTarget section */
		F9A24CE41B56CCB600D32968 /* HowManyFingers */ = {
			isa = PBXNativeTarget;
			buildConfigurationList = F9A24CF71B56CCB600D32968 /* Build configuration list for PBXNativeTarget "HowManyFingers" */;
			buildPhases = (
				F9A24CE11B56CCB600D32968 /* Sources */,
				F9A24CE21B56CCB600D32968 /* Frameworks */,
				F9A24CE31B56CCB600D32968 /* Resources */,
			);
			buildRules = (
			);
			dependencies = (
			);
			name = HowManyFingers;
			productName = HowManyFingers;
			productReference = F9A24CE51B56CCB600D32968 /* HowManyFingers.app */;
			productType = "com.apple.product-type.application";
		};
/* End PBXNativeTarget section */

/* Begin PBXProject section */
		F9A24CDD1B56CCB600D32968 /* Project object */ = {
			isa = PBXProject;
			attributes = {
				LastUpgradeCheck = 0700;
				ORGANIZATIONNAME = Mohit;
				TargetAttributes = {
					F9A24CE41B56CCB600D32968 = {
						CreatedOnToolsVersion = 7.0;
					};
				};
			};
			buildConfigurationList = F9A24CE01B56CCB600D32968 /* Build configuration list for PBXProject "HowManyFingers" */;
			compatibilityVersion = "Xcode 3.2";
			developmentRegion = English;
			hasScannedForEncodings = 0;
			knownRegions = (
				en,
				Base,
			);
			mainGroup = F9A24CDC1B56CCB600D32968;
			productRefGroup = F9A24CE61B56CCB600D32968 /* Products */;
			projectDirPath = "";
			projectRoot = "";
			targets = (
				F9A24CE41B56CCB600D32968 /* HowManyFingers */,
			);
		};
/* End PBXProject section */

/* Begin PBXResourcesBuildPhase section */
		F9A24CE31B56CCB600D32968 /* Resources */ = {
			isa = PBXResourcesBuildPhase;
			buildActionMask = 2147483647;
			files = (
				F9A24CF31B56CCB600D32968 /* LaunchScreen.storyboard in Resources */,
				F9A24CF01B56CCB600D32968 /* Assets.xcassets in Resources */,
				F9A24CEE1B56CCB600D32968 /* Main.storyboard in Resources */,
			);
			runOnlyForDeploymentPostprocessing = 0;
		};
/* End PBXResourcesBuildPhase section */

/* Begin PBXSourcesBuildPhase section */
		F9A24CE11B56CCB600D32968 /* Sources */ = {
			isa = PBXSourcesBuildPhase;
			buildActionMask = 2147483647;
			files = (
				F9A24CEB1B56CCB600D32968 /* ViewController.swift in Sources */,
				F9A24CE91B56CCB600D32968 /* AppDelegate.swift in Sources */,
			);
			runOnlyForDeploymentPostprocessing = 0;
		};
/* End PBXSourcesBuildPhase section */

/* Begin PBXVariantGroup section */
		F9A24CEC1B56CCB600D32968 /* Main.storyboard */ = {
			isa = PBXVariantGroup;
			children = (
				F9A24CED1B56CCB600D32968 /* Base */,
			);
			name = Main.storyboard;
			sourceTree = "<group>";
		};
		F9A24CF11B56CCB600D32968 /* LaunchScreen.storyboard */ = {
			isa = PBXVariantGroup;
			children = (
				F9A24CF21B56CCB600D32968 /* Base */,
			);
			name = LaunchScreen.storyboard;
			sourceTree = "<group>";
		};
/* End PBXVariantGroup section */

/* Begin XCBuildConfiguration section */
		F9A24CF51B56CCB600D32968 /* Debug */ = {
			isa = XCBuildConfiguration;
			buildSettings = {
				ALWAYS_SEARCH_USER_PATHS = NO;
				CLANG_CXX_LANGUAGE_STANDARD = "gnu++0x";
				CLANG_CXX_LIBRARY = "libc++";
				CLANG_ENABLE_MODULES = YES;
				CLANG_ENABLE_OBJC_ARC = YES;
				CLANG_WARN_BOOL_CONVERSION = YES;
				CLANG_WARN_CONSTANT_CONVERSION = YES;
				CLANG_WARN_DIRECT_OBJC_ISA_USAGE = YES_ERROR;
				CLANG_WARN_EMPTY_BODY = YES;
				CLANG_WARN_ENUM_CONVERSION = YES;
				CLANG_WARN_INT_CONVERSION = YES;
				CLANG_WARN_OBJC_ROOT_CLASS = YES_ERROR;
				CLANG_WARN_UNREACHABLE_CODE = YES;
				CLANG_WARN__DUPLICATE_METHOD_MATCH = YES;
				"CODE_SIGN_IDENTITY[sdk=iphoneos*]" = "iPhone Developer";
				COPY_PHASE_STRIP = NO;
				DEBUG_INFORMATION_FORMAT = dwarf;
				ENABLE_STRICT_OBJC_MSGSEND = YES;
				ENABLE_TESTABILITY = YES;
				GCC_C_LANGUAGE_STANDARD = gnu99;
				GCC_DYNAMIC_NO_PIC = NO;
				GCC_NO_COMMON_BLOCKS = YES;
				GCC_OPTIMIZATION_LEVEL = 0;
				GCC_PREPROCESSOR_DEFINITIONS = (
					"DEBUG=1",
					"$(inherited)",
				);
				GCC_WARN_64_TO_32_BIT_CONVERSION = YES;
				GCC_WARN_ABOUT_RETURN_TYPE = YES_ERROR;
				GCC_WARN_UNDECLARED_SELECTOR = YES;
				GCC_WARN_UNINITIALIZED_AUTOS = YES_AGGRESSIVE;
				GCC_WARN_UNUSED_FUNCTION = YES;
				GCC_WARN_UNUSED_VARIABLE = YES;
				IPHONEOS_DEPLOYMENT_TARGET = 9.0;
				MTL_ENABLE_DEBUG_INFO = YES;
				ONLY_ACTIVE_ARCH = YES;
				SDKROOT = iphoneos;
				SWIFT_OPTIMIZATION_LEVEL = "-Onone";
			};
			name = Debug;
		};
		F9A24CF61B56CCB600D32968 /* Release */ = {
			isa = XCBuildConfiguration;
			buildSettings = {
				ALWAYS_SEARCH_USER_PATHS = NO;
				CLANG_CXX_LANGUAGE_STANDARD = "gnu++0x";
				CLANG_CXX_LIBRARY = "libc++";
				CLANG_ENABLE_MODULES = YES;
				CLANG_ENABLE_OBJC_ARC = YES;
				CLANG_WARN_BOOL_CONVERSION = YES;
				CLANG_WARN_CONSTANT_CONVERSION = YES;
				CLANG_WARN_DIRECT_OBJC_ISA_USAGE = YES_ERROR;
				CLANG_WARN_EMPTY_BODY = YES;
				CLANG_WARN_ENUM_CONVERSION = YES;
				CLANG_WARN_INT_CONVERSION = YES;
				CLANG_WARN_OBJC_ROOT_CLASS = YES_ERROR;
				CLANG_WARN_UNREACHABLE_CODE = YES;
				CLANG_WARN__DUPLICATE_METHOD_MATCH = YES;
				"CODE_SIGN_IDENTITY[sdk=iphoneos*]" = "iPhone Developer";
				COPY_PHASE_STRIP = NO;
				DEBUG_INFORMATION_FORMAT = "dwarf-with-dsym";
				ENABLE_NS_ASSERTIONS = NO;
				ENABLE_STRICT_OBJC_MSGSEND = YES;
				GCC_C_LANGUAGE_STANDARD = gnu99;
				GCC_NO_COMMON_BLOCKS = YES;
				GCC_WARN_64_TO_32_BIT_CONVERSION = YES;
				GCC_WARN_ABOUT_RETURN_TYPE = YES_ERROR;
				GCC_WARN_UNDECLARED_SELECTOR = YES;
				GCC_WARN_UNINITIALIZED_AUTOS = YES_AGGRESSIVE;
				GCC_WARN_UNUSED_FUNCTION = YES;
				GCC_WARN_UNUSED_VARIABLE = YES;
				IPHONEOS_DEPLOYMENT_TARGET = 9.0;
				MTL_ENABLE_DEBUG_INFO = NO;
				SDKROOT = iphoneos;
				VALIDATE_PRODUCT = YES;
			};
			name = Release;
		};
		F9A24CF81B56CCB600D32968 /* Debug */ = {
			isa = XCBuildConfiguration;
			buildSettings = {
				ASSETCATALOG_COMPILER_APPICON_NAME = AppIcon;
				INFOPLIST_FILE = HowManyFingers/Info.plist;
				LD_RUNPATH_SEARCH_PATHS = "$(inherited) @executable_path/Frameworks";
				PRODUCT_BUNDLE_IDENTIFIER = com.mohit.HowManyFingers;
				PRODUCT_NAME = "$(TARGET_NAME)";
			};
			name = Debug;
		};
		F9A24CF91B56CCB600D32968 /* Release */ = {
			isa = XCBuildConfiguration;
			buildSettings = {
				ASSETCATALOG_COMPILER_APPICON_NAME = AppIcon;
				INFOPLIST_FILE = HowManyFingers/Info.plist;
				LD_RUNPATH_SEARCH_PATHS = "$(inherited) @executable_path/Frameworks";
				PRODUCT_BUNDLE_IDENTIFIER = com.mohit.HowManyFingers;
				PRODUCT_NAME = "$(TARGET_NAME)";
			};
			name = Release;
		};
/* End XCBuildConfiguration section */

/* Begin XCConfigurationList section */
		F9A24CE01B56CCB600D32968 /* Build configuration list for PBXProject "HowManyFingers" */ = {
			isa = XCConfigurationList;
			buildConfigurations = (
				F9A24CF51B56CCB600D32968 /* Debug */,
				F9A24CF61B56CCB600D32968 /* Release */,
			);
			defaultConfigurationIsVisible = 0;
			defaultConfigurationName = Release;
		};
		F9A24CF71B56CCB600D32968 /* Build configuration list for PBXNativeTarget "HowManyFingers" */ = {
			isa = XCConfigurationList;
			buildConfigurations = (
				F9A24CF81B56CCB600D32968 /* Debug */,
				F9A24CF91B56CCB600D32968 /* Release */,
			);
			defaultConfigurationIsVisible = 0;
		};
/* End XCConfigurationList section */
	};
	rootObject = F9A24CDD1B56CCB600D32968 /* Project object */;
}
